// !$*UTF8*$!
{
	archiveVersion = 1;
	classes = {
	};
	objectVersion = 56;
	objects = {

/* Begin PBXBuildFile section */
		C8337A432C08B86E0044CF08 /* NotesApp.swift in Sources */ = {isa = PBXBuildFile; fileRef = C8337A422C08B86E0044CF08 /* NotesApp.swift */; };
		C8337A452C08B86E0044CF08 /* MainView.swift in Sources */ = {isa = PBXBuildFile; fileRef = C8337A442C08B86E0044CF08 /* MainView.swift */; };
		C8337A472C08B86E0044CF08 /* Assets.xcassets in Resources */ = {isa = PBXBuildFile; fileRef = C8337A462C08B86E0044CF08 /* Assets.xcassets */; };
		C8337A4A2C08B86E0044CF08 /* Preview Assets.xcassets in Resources */ = {isa = PBXBuildFile; fileRef = C8337A492C08B86E0044CF08 /* Preview Assets.xcassets */; };
		C8337A592C08B8D50044CF08 /* Detail.swift in Sources */ = {isa = PBXBuildFile; fileRef = C8337A582C08B8D50044CF08 /* Detail.swift */; };
		C8337A5B2C08B8E60044CF08 /* DetailThanksThree.swift in Sources */ = {isa = PBXBuildFile; fileRef = C8337A5A2C08B8E60044CF08 /* DetailThanksThree.swift */; };
		C8337A5D2C08B9060044CF08 /* DetailGoodyBad.swift in Sources */ = {isa = PBXBuildFile; fileRef = C8337A5C2C08B9060044CF08 /* DetailGoodyBad.swift */; };
		C8337A5F2C08B9190044CF08 /* DetailWriteOne.swift in Sources */ = {isa = PBXBuildFile; fileRef = C8337A5E2C08B9190044CF08 /* DetailWriteOne.swift */; };
		C8337A612C08B93B0044CF08 /* Add.swift in Sources */ = {isa = PBXBuildFile; fileRef = C8337A602C08B93B0044CF08 /* Add.swift */; };
		C8337A632C08B94C0044CF08 /* AddThanksThree.swift in Sources */ = {isa = PBXBuildFile; fileRef = C8337A622C08B94C0044CF08 /* AddThanksThree.swift */; };
		C8337A652C08B9610044CF08 /* AddGoodyBad.swift in Sources */ = {isa = PBXBuildFile; fileRef = C8337A642C08B9610044CF08 /* AddGoodyBad.swift */; };
		C8337A672C08B9700044CF08 /* AddWriteOneLine.swift in Sources */ = {isa = PBXBuildFile; fileRef = C8337A662C08B9700044CF08 /* AddWriteOneLine.swift */; };
		C8337A692C08B9970044CF08 /* DBModel.swift in Sources */ = {isa = PBXBuildFile; fileRef = C8337A682C08B9970044CF08 /* DBModel.swift */; };
		C8337A6B2C08B9A70044CF08 /* NoteStatic.swift in Sources */ = {isa = PBXBuildFile; fileRef = C8337A6A2C08B9A70044CF08 /* NoteStatic.swift */; };
		C8337A6D2C08B9B90044CF08 /* QueryModel.swift in Sources */ = {isa = PBXBuildFile; fileRef = C8337A6C2C08B9B90044CF08 /* QueryModel.swift */; };
/* End PBXBuildFile section */

/* Begin PBXFileReference section */
		C8337A3F2C08B86E0044CF08 /* Notes.app */ = {isa = PBXFileReference; explicitFileType = wrapper.application; includeInIndex = 0; path = Notes.app; sourceTree = BUILT_PRODUCTS_DIR; };
		C8337A422C08B86E0044CF08 /* NotesApp.swift */ = {isa = PBXFileReference; lastKnownFileType = sourcecode.swift; path = NotesApp.swift; sourceTree = "<group>"; };
		C8337A442C08B86E0044CF08 /* MainView.swift */ = {isa = PBXFileReference; lastKnownFileType = sourcecode.swift; path = MainView.swift; sourceTree = "<group>"; };
		C8337A462C08B86E0044CF08 /* Assets.xcassets */ = {isa = PBXFileReference; lastKnownFileType = folder.assetcatalog; path = Assets.xcassets; sourceTree = "<group>"; };
		C8337A492C08B86E0044CF08 /* Preview Assets.xcassets */ = {isa = PBXFileReference; lastKnownFileType = folder.assetcatalog; path = "Preview Assets.xcassets"; sourceTree = "<group>"; };
		C8337A582C08B8D50044CF08 /* Detail.swift */ = {isa = PBXFileReference; lastKnownFileType = sourcecode.swift; path = Detail.swift; sourceTree = "<group>"; };
		C8337A5A2C08B8E60044CF08 /* DetailThanksThree.swift */ = {isa = PBXFileReference; lastKnownFileType = sourcecode.swift; path = DetailThanksThree.swift; sourceTree = "<group>"; };
		C8337A5C2C08B9060044CF08 /* DetailGoodyBad.swift */ = {isa = PBXFileReference; lastKnownFileType = sourcecode.swift; path = DetailGoodyBad.swift; sourceTree = "<group>"; };
		C8337A5E2C08B9190044CF08 /* DetailWriteOne.swift */ = {isa = PBXFileReference; lastKnownFileType = sourcecode.swift; path = DetailWriteOne.swift; sourceTree = "<group>"; };
		C8337A602C08B93B0044CF08 /* Add.swift */ = {isa = PBXFileReference; lastKnownFileType = sourcecode.swift; path = Add.swift; sourceTree = "<group>"; };
		C8337A622C08B94C0044CF08 /* AddThanksThree.swift */ = {isa = PBXFileReference; lastKnownFileType = sourcecode.swift; path = AddThanksThree.swift; sourceTree = "<group>"; };
		C8337A642C08B9610044CF08 /* AddGoodyBad.swift */ = {isa = PBXFileReference; lastKnownFileType = sourcecode.swift; path = AddGoodyBad.swift; sourceTree = "<group>"; };
		C8337A662C08B9700044CF08 /* AddWriteOneLine.swift */ = {isa = PBXFileReference; lastKnownFileType = sourcecode.swift; path = AddWriteOneLine.swift; sourceTree = "<group>"; };
		C8337A682C08B9970044CF08 /* DBModel.swift */ = {isa = PBXFileReference; lastKnownFileType = sourcecode.swift; path = DBModel.swift; sourceTree = "<group>"; };
		C8337A6A2C08B9A70044CF08 /* NoteStatic.swift */ = {isa = PBXFileReference; lastKnownFileType = sourcecode.swift; path = NoteStatic.swift; sourceTree = "<group>"; };
		C8337A6C2C08B9B90044CF08 /* QueryModel.swift */ = {isa = PBXFileReference; lastKnownFileType = sourcecode.swift; path = QueryModel.swift; sourceTree = "<group>"; };
/* End PBXFileReference section */

/* Begin PBXFrameworksBuildPhase section */
		C8337A3C2C08B86E0044CF08 /* Frameworks */ = {
			isa = PBXFrameworksBuildPhase;
			buildActionMask = 2147483647;
			files = (
			);
			runOnlyForDeploymentPostprocessing = 0;
		};
/* End PBXFrameworksBuildPhase section */

/* Begin PBXGroup section */
		C8337A362C08B86E0044CF08 = {
			isa = PBXGroup;
			children = (
				C8337A412C08B86E0044CF08 /* Notes */,
				C8337A402C08B86E0044CF08 /* Products */,
			);
			sourceTree = "<group>";
		};
		C8337A402C08B86E0044CF08 /* Products */ = {
			isa = PBXGroup;
			children = (
				C8337A3F2C08B86E0044CF08 /* Notes.app */,
			);
			name = Products;
			sourceTree = "<group>";
		};
		C8337A412C08B86E0044CF08 /* Notes */ = {
			isa = PBXGroup;
			children = (
				C8337A532C08B8850044CF08 /* View */,
				C8337A522C08B8810044CF08 /* Model */,
				C8337A502C08B8740044CF08 /* VM */,
				C8337A422C08B86E0044CF08 /* NotesApp.swift */,
				C8337A462C08B86E0044CF08 /* Assets.xcassets */,
				C8337A482C08B86E0044CF08 /* Preview Content */,
			);
			path = Notes;
			sourceTree = "<group>";
		};
		C8337A482C08B86E0044CF08 /* Preview Content */ = {
			isa = PBXGroup;
			children = (
				C8337A492C08B86E0044CF08 /* Preview Assets.xcassets */,
			);
			path = "Preview Content";
			sourceTree = "<group>";
		};
		C8337A502C08B8740044CF08 /* VM */ = {
			isa = PBXGroup;
			children = (
				C8337A6C2C08B9B90044CF08 /* QueryModel.swift */,
			);
			path = VM;
			sourceTree = "<group>";
		};
		C8337A522C08B8810044CF08 /* Model */ = {
			isa = PBXGroup;
			children = (
				C8337A682C08B9970044CF08 /* DBModel.swift */,
				C8337A6A2C08B9A70044CF08 /* NoteStatic.swift */,
			);
			path = Model;
			sourceTree = "<group>";
		};
		C8337A532C08B8850044CF08 /* View */ = {
			isa = PBXGroup;
			children = (
				C8337A442C08B86E0044CF08 /* MainView.swift */,
				C8337A562C08B8960044CF08 /* Detail */,
				C8337A552C08B8920044CF08 /* Add */,
			);
			path = View;
			sourceTree = "<group>";
		};
		C8337A552C08B8920044CF08 /* Add */ = {
			isa = PBXGroup;
			children = (
				C8337A602C08B93B0044CF08 /* Add.swift */,
				C8337A622C08B94C0044CF08 /* AddThanksThree.swift */,
				C8337A642C08B9610044CF08 /* AddGoodyBad.swift */,
				C8337A662C08B9700044CF08 /* AddWriteOneLine.swift */,
			);
			path = Add;
			sourceTree = "<group>";
		};
		C8337A562C08B8960044CF08 /* Detail */ = {
			isa = PBXGroup;
			children = (
				C8337A582C08B8D50044CF08 /* Detail.swift */,
				C8337A5A2C08B8E60044CF08 /* DetailThanksThree.swift */,
				C8337A5C2C08B9060044CF08 /* DetailGoodyBad.swift */,
				C8337A5E2C08B9190044CF08 /* DetailWriteOne.swift */,
			);
			path = Detail;
			sourceTree = "<group>";
		};
/* End PBXGroup section */

/* Begin PBXNativeTarget section */
		C8337A3E2C08B86E0044CF08 /* Notes */ = {
			isa = PBXNativeTarget;
			buildConfigurationList = C8337A4D2C08B86E0044CF08 /* Build configuration list for PBXNativeTarget "Notes" */;
			buildPhases = (
				C8337A3B2C08B86E0044CF08 /* Sources */,
				C8337A3C2C08B86E0044CF08 /* Frameworks */,
				C8337A3D2C08B86E0044CF08 /* Resources */,
			);
			buildRules = (
			);
			dependencies = (
			);
			name = Notes;
			productName = Notes;
			productReference = C8337A3F2C08B86E0044CF08 /* Notes.app */;
			productType = "com.apple.product-type.application";
		};
/* End PBXNativeTarget section */

/* Begin PBXProject section */
		C8337A372C08B86E0044CF08 /* Project object */ = {
			isa = PBXProject;
			attributes = {
				BuildIndependentTargetsInParallel = 1;
				LastSwiftUpdateCheck = 1540;
				LastUpgradeCheck = 1540;
				TargetAttributes = {
					C8337A3E2C08B86E0044CF08 = {
						CreatedOnToolsVersion = 15.4;
					};
				};
			};
			buildConfigurationList = C8337A3A2C08B86E0044CF08 /* Build configuration list for PBXProject "Notes" */;
			compatibilityVersion = "Xcode 14.0";
			developmentRegion = ko;
			hasScannedForEncodings = 0;
			knownRegions = (
				en,
				Base,
				ko,
			);
			mainGroup = C8337A362C08B86E0044CF08;
			productRefGroup = C8337A402C08B86E0044CF08 /* Products */;
			projectDirPath = "";
			projectRoot = "";
			targets = (
				C8337A3E2C08B86E0044CF08 /* Notes */,
			);
		};
/* End PBXProject section */

/* Begin PBXResourcesBuildPhase section */
		C8337A3D2C08B86E0044CF08 /* Resources */ = {
			isa = PBXResourcesBuildPhase;
			buildActionMask = 2147483647;
			files = (
				C8337A4A2C08B86E0044CF08 /* Preview Assets.xcassets in Resources */,
				C8337A472C08B86E0044CF08 /* Assets.xcassets in Resources */,
			);
			runOnlyForDeploymentPostprocessing = 0;
		};
/* End PBXResourcesBuildPhase section */

/* Begin PBXSourcesBuildPhase section */
		C8337A3B2C08B86E0044CF08 /* Sources */ = {
			isa = PBXSourcesBuildPhase;
			buildActionMask = 2147483647;
			files = (
				C8337A452C08B86E0044CF08 /* MainView.swift in Sources */,
				C8337A652C08B9610044CF08 /* AddGoodyBad.swift in Sources */,
				C8337A672C08B9700044CF08 /* AddWriteOneLine.swift in Sources */,
				C8337A632C08B94C0044CF08 /* AddThanksThree.swift in Sources */,
				C8337A6D2C08B9B90044CF08 /* QueryModel.swift in Sources */,
				C8337A432C08B86E0044CF08 /* NotesApp.swift in Sources */,
				C8337A6B2C08B9A70044CF08 /* NoteStatic.swift in Sources */,
				C8337A612C08B93B0044CF08 /* Add.swift in Sources */,
				C8337A5D2C08B9060044CF08 /* DetailGoodyBad.swift in Sources */,
				C8337A5B2C08B8E60044CF08 /* DetailThanksThree.swift in Sources */,
				C8337A592C08B8D50044CF08 /* Detail.swift in Sources */,
				C8337A692C08B9970044CF08 /* DBModel.swift in Sources */,
				C8337A5F2C08B9190044CF08 /* DetailWriteOne.swift in Sources */,
			);
			runOnlyForDeploymentPostprocessing = 0;
		};
/* End PBXSourcesBuildPhase section */

/* Begin XCBuildConfiguration section */
		C8337A4B2C08B86E0044CF08 /* Debug */ = {
			isa = XCBuildConfiguration;
			buildSettings = {
				ALWAYS_SEARCH_USER_PATHS = NO;
				ASSETCATALOG_COMPILER_GENERATE_SWIFT_ASSET_SYMBOL_EXTENSIONS = YES;
				CLANG_ANALYZER_NONNULL = YES;
				CLANG_ANALYZER_NUMBER_OBJECT_CONVERSION = YES_AGGRESSIVE;
				CLANG_CXX_LANGUAGE_STANDARD = "gnu++20";
				CLANG_ENABLE_MODULES = YES;
				CLANG_ENABLE_OBJC_ARC = YES;
				CLANG_ENABLE_OBJC_WEAK = YES;
				CLANG_WARN_BLOCK_CAPTURE_AUTORELEASING = YES;
				CLANG_WARN_BOOL_CONVERSION = YES;
				CLANG_WARN_COMMA = YES;
				CLANG_WARN_CONSTANT_CONVERSION = YES;
				CLANG_WARN_DEPRECATED_OBJC_IMPLEMENTATIONS = YES;
				CLANG_WARN_DIRECT_OBJC_ISA_USAGE = YES_ERROR;
				CLANG_WARN_DOCUMENTATION_COMMENTS = YES;
				CLANG_WARN_EMPTY_BODY = YES;
				CLANG_WARN_ENUM_CONVERSION = YES;
				CLANG_WARN_INFINITE_RECURSION = YES;
				CLANG_WARN_INT_CONVERSION = YES;
				CLANG_WARN_NON_LITERAL_NULL_CONVERSION = YES;
				CLANG_WARN_OBJC_IMPLICIT_RETAIN_SELF = YES;
				CLANG_WARN_OBJC_LITERAL_CONVERSION = YES;
				CLANG_WARN_OBJC_ROOT_CLASS = YES_ERROR;
				CLANG_WARN_QUOTED_INCLUDE_IN_FRAMEWORK_HEADER = YES;
				CLANG_WARN_RANGE_LOOP_ANALYSIS = YES;
				CLANG_WARN_STRICT_PROTOTYPES = YES;
				CLANG_WARN_SUSPICIOUS_MOVE = YES;
				CLANG_WARN_UNGUARDED_AVAILABILITY = YES_AGGRESSIVE;
				CLANG_WARN_UNREACHABLE_CODE = YES;
				CLANG_WARN__DUPLICATE_METHOD_MATCH = YES;
				COPY_PHASE_STRIP = NO;
				DEBUG_INFORMATION_FORMAT = dwarf;
				ENABLE_STRICT_OBJC_MSGSEND = YES;
				ENABLE_TESTABILITY = YES;
				ENABLE_USER_SCRIPT_SANDBOXING = YES;
				GCC_C_LANGUAGE_STANDARD = gnu17;
				GCC_DYNAMIC_NO_PIC = NO;
				GCC_NO_COMMON_BLOCKS = YES;
				GCC_OPTIMIZATION_LEVEL = 0;
				GCC_PREPROCESSOR_DEFINITIONS = (
					"DEBUG=1",
					"$(inherited)",
				);
				GCC_WARN_64_TO_32_BIT_CONVERSION = YES;
				GCC_WARN_ABOUT_RETURN_TYPE = YES_ERROR;
				GCC_WARN_UNDECLARED_SELECTOR = YES;
				GCC_WARN_UNINITIALIZED_AUTOS = YES_AGGRESSIVE;
				GCC_WARN_UNUSED_FUNCTION = YES;
				GCC_WARN_UNUSED_VARIABLE = YES;
				IPHONEOS_DEPLOYMENT_TARGET = 17.5;
				LOCALIZATION_PREFERS_STRING_CATALOGS = YES;
				MTL_ENABLE_DEBUG_INFO = INCLUDE_SOURCE;
				MTL_FAST_MATH = YES;
				ONLY_ACTIVE_ARCH = YES;
				SDKROOT = iphoneos;
				SWIFT_ACTIVE_COMPILATION_CONDITIONS = "DEBUG $(inherited)";
				SWIFT_OPTIMIZATION_LEVEL = "-Onone";
			};
			name = Debug;
		};
		C8337A4C2C08B86E0044CF08 /* Release */ = {
			isa = XCBuildConfiguration;
			buildSettings = {
				ALWAYS_SEARCH_USER_PATHS = NO;
				ASSETCATALOG_COMPILER_GENERATE_SWIFT_ASSET_SYMBOL_EXTENSIONS = YES;
				CLANG_ANALYZER_NONNULL = YES;
				CLANG_ANALYZER_NUMBER_OBJECT_CONVERSION = YES_AGGRESSIVE;
				CLANG_CXX_LANGUAGE_STANDARD = "gnu++20";
				CLANG_ENABLE_MODULES = YES;
				CLANG_ENABLE_OBJC_ARC = YES;
				CLANG_ENABLE_OBJC_WEAK = YES;
				CLANG_WARN_BLOCK_CAPTURE_AUTORELEASING = YES;
				CLANG_WARN_BOOL_CONVERSION = YES;
				CLANG_WARN_COMMA = YES;
				CLANG_WARN_CONSTANT_CONVERSION = YES;
				CLANG_WARN_DEPRECATED_OBJC_IMPLEMENTATIONS = YES;
				CLANG_WARN_DIRECT_OBJC_ISA_USAGE = YES_ERROR;
				CLANG_WARN_DOCUMENTATION_COMMENTS = YES;
				CLANG_WARN_EMPTY_BODY = YES;
				CLANG_WARN_ENUM_CONVERSION = YES;
				CLANG_WARN_INFINITE_RECURSION = YES;
				CLANG_WARN_INT_CONVERSION = YES;
				CLANG_WARN_NON_LITERAL_NULL_CONVERSION = YES;
				CLANG_WARN_OBJC_IMPLICIT_RETAIN_SELF = YES;
				CLANG_WARN_OBJC_LITERAL_CONVERSION = YES;
				CLANG_WARN_OBJC_ROOT_CLASS = YES_ERROR;
				CLANG_WARN_QUOTED_INCLUDE_IN_FRAMEWORK_HEADER = YES;
				CLANG_WARN_RANGE_LOOP_ANALYSIS = YES;
				CLANG_WARN_STRICT_PROTOTYPES = YES;
				CLANG_WARN_SUSPICIOUS_MOVE = YES;
				CLANG_WARN_UNGUARDED_AVAILABILITY = YES_AGGRESSIVE;
				CLANG_WARN_UNREACHABLE_CODE = YES;
				CLANG_WARN__DUPLICATE_METHOD_MATCH = YES;
				COPY_PHASE_STRIP = NO;
				DEBUG_INFORMATION_FORMAT = "dwarf-with-dsym";
				ENABLE_NS_ASSERTIONS = NO;
				ENABLE_STRICT_OBJC_MSGSEND = YES;
				ENABLE_USER_SCRIPT_SANDBOXING = YES;
				GCC_C_LANGUAGE_STANDARD = gnu17;
				GCC_NO_COMMON_BLOCKS = YES;
				GCC_WARN_64_TO_32_BIT_CONVERSION = YES;
				GCC_WARN_ABOUT_RETURN_TYPE = YES_ERROR;
				GCC_WARN_UNDECLARED_SELECTOR = YES;
				GCC_WARN_UNINITIALIZED_AUTOS = YES_AGGRESSIVE;
				GCC_WARN_UNUSED_FUNCTION = YES;
				GCC_WARN_UNUSED_VARIABLE = YES;
				IPHONEOS_DEPLOYMENT_TARGET = 17.5;
				LOCALIZATION_PREFERS_STRING_CATALOGS = YES;
				MTL_ENABLE_DEBUG_INFO = NO;
				MTL_FAST_MATH = YES;
				SDKROOT = iphoneos;
				SWIFT_COMPILATION_MODE = wholemodule;
				VALIDATE_PRODUCT = YES;
			};
			name = Release;
		};
		C8337A4E2C08B86E0044CF08 /* Debug */ = {
			isa = XCBuildConfiguration;
			buildSettings = {
				ASSETCATALOG_COMPILER_APPICON_NAME = AppIcon;
				ASSETCATALOG_COMPILER_GLOBAL_ACCENT_COLOR_NAME = AccentColor;
				CODE_SIGN_STYLE = Automatic;
				CURRENT_PROJECT_VERSION = 1;
				DEVELOPMENT_ASSET_PATHS = "\"Notes/Preview Content\"";
				ENABLE_PREVIEWS = YES;
				GENERATE_INFOPLIST_FILE = YES;
				INFOPLIST_KEY_UIApplicationSceneManifest_Generation = YES;
				INFOPLIST_KEY_UIApplicationSupportsIndirectInputEvents = YES;
				INFOPLIST_KEY_UILaunchScreen_Generation = YES;
				INFOPLIST_KEY_UISupportedInterfaceOrientations_iPad = "UIInterfaceOrientationPortrait UIInterfaceOrientationPortraitUpsideDown UIInterfaceOrientationLandscapeLeft UIInterfaceOrientationLandscapeRight";
				INFOPLIST_KEY_UISupportedInterfaceOrientations_iPhone = "UIInterfaceOrientationPortrait UIInterfaceOrientationLandscapeLeft UIInterfaceOrientationLandscapeRight";
				LD_RUNPATH_SEARCH_PATHS = (
					"$(inherited)",
					"@executable_path/Frameworks",
				);
				MARKETING_VERSION = 1.0;
				PRODUCT_BUNDLE_IDENTIFIER = com.swift.Notes;
				PRODUCT_NAME = "$(TARGET_NAME)";
				SWIFT_EMIT_LOC_STRINGS = YES;
				SWIFT_VERSION = 5.0;
				TARGETED_DEVICE_FAMILY = "1,2";
			};
			name = Debug;
		};
		C8337A4F2C08B86E0044CF08 /* Release */ = {
			isa = XCBuildConfiguration;
			buildSettings = {
				ASSETCATALOG_COMPILER_APPICON_NAME = AppIcon;
				ASSETCATALOG_COMPILER_GLOBAL_ACCENT_COLOR_NAME = AccentColor;
				CODE_SIGN_STYLE = Automatic;
				CURRENT_PROJECT_VERSION = 1;
				DEVELOPMENT_ASSET_PATHS = "\"Notes/Preview Content\"";
				ENABLE_PREVIEWS = YES;
				GENERATE_INFOPLIST_FILE = YES;
				INFOPLIST_KEY_UIApplicationSceneManifest_Generation = YES;
				INFOPLIST_KEY_UIApplicationSupportsIndirectInputEvents = YES;
				INFOPLIST_KEY_UILaunchScreen_Generation = YES;
				INFOPLIST_KEY_UISupportedInterfaceOrientations_iPad = "UIInterfaceOrientationPortrait UIInterfaceOrientationPortraitUpsideDown UIInterfaceOrientationLandscapeLeft UIInterfaceOrientationLandscapeRight";
				INFOPLIST_KEY_UISupportedInterfaceOrientations_iPhone = "UIInterfaceOrientationPortrait UIInterfaceOrientationLandscapeLeft UIInterfaceOrientationLandscapeRight";
				LD_RUNPATH_SEARCH_PATHS = (
					"$(inherited)",
					"@executable_path/Frameworks",
				);
				MARKETING_VERSION = 1.0;
				PRODUCT_BUNDLE_IDENTIFIER = com.swift.Notes;
				PRODUCT_NAME = "$(TARGET_NAME)";
				SWIFT_EMIT_LOC_STRINGS = YES;
				SWIFT_VERSION = 5.0;
				TARGETED_DEVICE_FAMILY = "1,2";
			};
			name = Release;
		};
/* End XCBuildConfiguration section */

/* Begin XCConfigurationList section */
		C8337A3A2C08B86E0044CF08 /* Build configuration list for PBXProject "Notes" */ = {
			isa = XCConfigurationList;
			buildConfigurations = (
				C8337A4B2C08B86E0044CF08 /* Debug */,
				C8337A4C2C08B86E0044CF08 /* Release */,
			);
			defaultConfigurationIsVisible = 0;
			defaultConfigurationName = Release;
		};
		C8337A4D2C08B86E0044CF08 /* Build configuration list for PBXNativeTarget "Notes" */ = {
			isa = XCConfigurationList;
			buildConfigurations = (
				C8337A4E2C08B86E0044CF08 /* Debug */,
				C8337A4F2C08B86E0044CF08 /* Release */,
			);
			defaultConfigurationIsVisible = 0;
			defaultConfigurationName = Release;
		};
/* End XCConfigurationList section */
	};
	rootObject = C8337A372C08B86E0044CF08 /* Project object */;
}
